
Microsoft Visual Studio Solution File, Format Version 12.00
# Visual Studio Version 17
VisualStudioVersion = 17.6.33829.357
MinimumVisualStudioVersion = 10.0.40219.1
Project("{FAE04EC0-301F-11D3-BF4B-00C04F79EFBC}") = "ders_1", "ders_1\ders_1.csproj", "{9965B2C0-B48B-45AE-A1AB-E99A74864CEC}"
EndProject
Global
	GlobalSection(SolutionConfigurationPlatforms) = preSolution
		Debug|Any CPU = Debug|Any CPU
		Release|Any CPU = Release|Any CPU
	EndGlobalSection
	GlobalSection(ProjectConfigurationPlatforms) = postSolution
		{9965B2C0-B48B-45AE-A1AB-E99A74864CEC}.Debug|Any CPU.ActiveCfg = Debug|Any CPU
		{9965B2C0-B48B-45AE-A1AB-E99A74864CEC}.Debug|Any CPU.Build.0 = Debug|Any CPU
		{9965B2C0-B48B-45AE-A1AB-E99A74864CEC}.Release|Any CPU.ActiveCfg = Release|Any CPU
		{9965B2C0-B48B-45AE-A1AB-E99A74864CEC}.Release|Any CPU.Build.0 = Release|Any CPU
	EndGlobalSection
	GlobalSection(SolutionProperties) = preSolution
		HideSolutionNode = FALSE
	EndGlobalSection
	GlobalSection(ExtensibilityGlobals) = postSolution
		SolutionGuid = {6BF10B1A-073D-4FE8-BC28-6D2FF640A213}
	EndGlobalSection
EndGlobal
